
Microsoft Visual Studio Solution File, Format Version 12.00
# Visual Studio Version 17
VisualStudioVersion = 17.10.35013.160
MinimumVisualStudioVersion = 10.0.40219.1
Project("{9A19103F-16F7-4668-BE54-9A1E7A4F7556}") = "Transportation", "Transportation\Transportation.csproj", "{3AD3A5EF-CB33-4C72-B499-5100DE47ECB6}"
EndProject
Project("{9A19103F-16F7-4668-BE54-9A1E7A4F7556}") = "BusinessLogic", "BusinessLogic\BusinessLogic.csproj", "{6F5F7778-67E2-463A-B1AC-CA9D728E1077}"
EndProject
Project("{9A19103F-16F7-4668-BE54-9A1E7A4F7556}") = "DataAccess", "DataAccess\DataAccess.csproj", "{FB193ED6-B96C-464C-9DD5-796E67518F27}"
EndProject
Project("{2150E333-8FDC-42A3-9474-1A3956D46DE8}") = "Solution Items", "Solution Items", "{9493315F-0A06-481D-8A6E-56D233006665}"
	ProjectSection(SolutionItems) = preProject
		.gitignore = .gitignore
	EndProjectSection
EndProject
Global
	GlobalSection(SolutionConfigurationPlatforms) = preSolution
		Debug|Any CPU = Debug|Any CPU
		Release|Any CPU = Release|Any CPU
	EndGlobalSection
	GlobalSection(ProjectConfigurationPlatforms) = postSolution
		{3AD3A5EF-CB33-4C72-B499-5100DE47ECB6}.Debug|Any CPU.ActiveCfg = Debug|Any CPU
		{3AD3A5EF-CB33-4C72-B499-5100DE47ECB6}.Debug|Any CPU.Build.0 = Debug|Any CPU
		{3AD3A5EF-CB33-4C72-B499-5100DE47ECB6}.Release|Any CPU.ActiveCfg = Release|Any CPU
		{3AD3A5EF-CB33-4C72-B499-5100DE47ECB6}.Release|Any CPU.Build.0 = Release|Any CPU
		{6F5F7778-67E2-463A-B1AC-CA9D728E1077}.Debug|Any CPU.ActiveCfg = Debug|Any CPU
		{6F5F7778-67E2-463A-B1AC-CA9D728E1077}.Debug|Any CPU.Build.0 = Debug|Any CPU
		{6F5F7778-67E2-463A-B1AC-CA9D728E1077}.Release|Any CPU.ActiveCfg = Release|Any CPU
		{6F5F7778-67E2-463A-B1AC-CA9D728E1077}.Release|Any CPU.Build.0 = Release|Any CPU
		{FB193ED6-B96C-464C-9DD5-796E67518F27}.Debug|Any CPU.ActiveCfg = Debug|Any CPU
		{FB193ED6-B96C-464C-9DD5-796E67518F27}.Debug|Any CPU.Build.0 = Debug|Any CPU
		{FB193ED6-B96C-464C-9DD5-796E67518F27}.Release|Any CPU.ActiveCfg = Release|Any CPU
		{FB193ED6-B96C-464C-9DD5-796E67518F27}.Release|Any CPU.Build.0 = Release|Any CPU
	EndGlobalSection
	GlobalSection(SolutionProperties) = preSolution
		HideSolutionNode = FALSE
	EndGlobalSection
	GlobalSection(ExtensibilityGlobals) = postSolution
		SolutionGuid = {2E62E788-8162-429D-B874-783D7144D347}
	EndGlobalSection
EndGlobal
